// !$*UTF8*$!
{
	archiveVersion = 1;
	classes = {
	};
	objectVersion = 46;
	objects = {

/* Begin PBXBuildFile section */
		C8BB2A731BE1351900D8B036 /* AppDelegate.swift in Sources */ = {isa = PBXBuildFile; fileRef = C8BB2A721BE1351900D8B036 /* AppDelegate.swift */; };
		C8BB2A751BE1351900D8B036 /* ViewController.swift in Sources */ = {isa = PBXBuildFile; fileRef = C8BB2A741BE1351900D8B036 /* ViewController.swift */; };
		C8BB2A781BE1351900D8B036 /* Main.storyboard in Resources */ = {isa = PBXBuildFile; fileRef = C8BB2A761BE1351900D8B036 /* Main.storyboard */; };
		C8BB2A7A1BE1351900D8B036 /* Assets.xcassets in Resources */ = {isa = PBXBuildFile; fileRef = C8BB2A791BE1351900D8B036 /* Assets.xcassets */; };
		C8BB2A7D1BE1351900D8B036 /* LaunchScreen.storyboard in Resources */ = {isa = PBXBuildFile; fileRef = C8BB2A7B1BE1351900D8B036 /* LaunchScreen.storyboard */; };
/* End PBXBuildFile section */

/* Begin PBXFileReference section */
		C8BB2A6F1BE1351900D8B036 /* BuildAnInfiniteCarousel.app */ = {isa = PBXFileReference; explicitFileType = wrapper.application; includeInIndex = 0; path = BuildAnInfiniteCarousel.app; sourceTree = BUILT_PRODUCTS_DIR; };
		C8BB2A721BE1351900D8B036 /* AppDelegate.swift */ = {isa = PBXFileReference; lastKnownFileType = sourcecode.swift; path = AppDelegate.swift; sourceTree = "<group>"; };
		C8BB2A741BE1351900D8B036 /* ViewController.swift */ = {isa = PBXFileReference; lastKnownFileType = sourcecode.swift; path = ViewController.swift; sourceTree = "<group>"; };
		C8BB2A771BE1351900D8B036 /* Base */ = {isa = PBXFileReference; lastKnownFileType = file.storyboard; name = Base; path = Base.lproj/Main.storyboard; sourceTree = "<group>"; };
		C8BB2A791BE1351900D8B036 /* Assets.xcassets */ = {isa = PBXFileReference; lastKnownFileType = folder.assetcatalog; path = Assets.xcassets; sourceTree = "<group>"; };
		C8BB2A7C1BE1351900D8B036 /* Base */ = {isa = PBXFileReference; lastKnownFileType = file.storyboard; name = Base; path = Base.lproj/LaunchScreen.storyboard; sourceTree = "<group>"; };
		C8BB2A7E1BE1351900D8B036 /* Info.plist */ = {isa = PBXFileReference; lastKnownFileType = text.plist.xml; path = Info.plist; sourceTree = "<group>"; };
/* End PBXFileReference section */

/* Begin PBXFrameworksBuildPhase section */
		C8BB2A6C1BE1351900D8B036 /* Frameworks */ = {
			isa = PBXFrameworksBuildPhase;
			buildActionMask = 2147483647;
			files = (
			);
			runOnlyForDeploymentPostprocessing = 0;
		};
/* End PBXFrameworksBuildPhase section */

/* Begin PBXGroup section */
		C8BB2A661BE1351900D8B036 = {
			isa = PBXGroup;
			children = (
				C8BB2A711BE1351900D8B036 /* BuildAnInfiniteCarousel */,
				C8BB2A701BE1351900D8B036 /* Products */,
			);
			sourceTree = "<group>";
		};
		C8BB2A701BE1351900D8B036 /* Products */ = {
			isa = PBXGroup;
			children = (
				C8BB2A6F1BE1351900D8B036 /* BuildAnInfiniteCarousel.app */,
			);
			name = Products;
			sourceTree = "<group>";
		};
		C8BB2A711BE1351900D8B036 /* BuildAnInfiniteCarousel */ = {
			isa = PBXGroup;
			children = (
				C8BB2A721BE1351900D8B036 /* AppDelegate.swift */,
				C8BB2A741BE1351900D8B036 /* ViewController.swift */,
				C8BB2A761BE1351900D8B036 /* Main.storyboard */,
				C8BB2A791BE1351900D8B036 /* Assets.xcassets */,
				C8BB2A7B1BE1351900D8B036 /* LaunchScreen.storyboard */,
				C8BB2A7E1BE1351900D8B036 /* Info.plist */,
			);
			path = BuildAnInfiniteCarousel;
			sourceTree = "<group>";
		};
/* End PBXGroup section */

/* Begin PBXNativeTarget section */
		C8BB2A6E1BE1351900D8B036 /* BuildAnInfiniteCarousel */ = {
			isa = PBXNativeTarget;
			buildConfigurationList = C8BB2A811BE1351900D8B036 /* Build configuration list for PBXNativeTarget "BuildAnInfiniteCarousel" */;
			buildPhases = (
				C8BB2A6B1BE1351900D8B036 /* Sources */,
				C8BB2A6C1BE1351900D8B036 /* Frameworks */,
				C8BB2A6D1BE1351900D8B036 /* Resources */,
			);
			buildRules = (
			);
			dependencies = (
			);
			name = BuildAnInfiniteCarousel;
			productName = BuildAnInfiniteCarousel;
			productReference = C8BB2A6F1BE1351900D8B036 /* BuildAnInfiniteCarousel.app */;
			productType = "com.apple.product-type.application";
		};
/* End PBXNativeTarget section */

/* Begin PBXProject section */
		C8BB2A671BE1351900D8B036 /* Project object */ = {
			isa = PBXProject;
			attributes = {
				LastSwiftUpdateCheck = 0710;
				LastUpgradeCheck = 0710;
				ORGANIZATIONNAME = JohnLui;
				TargetAttributes = {
					C8BB2A6E1BE1351900D8B036 = {
						CreatedOnToolsVersion = 7.1;
					};
				};
			};
			buildConfigurationList = C8BB2A6A1BE1351900D8B036 /* Build configuration list for PBXProject "BuildAnInfiniteCarousel" */;
			compatibilityVersion = "Xcode 3.2";
			developmentRegion = English;
			hasScannedForEncodings = 0;
			knownRegions = (
				en,
				Base,
			);
			mainGroup = C8BB2A661BE1351900D8B036;
			productRefGroup = C8BB2A701BE1351900D8B036 /* Products */;
			projectDirPath = "";
			projectRoot = "";
			targets = (
				C8BB2A6E1BE1351900D8B036 /* BuildAnInfiniteCarousel */,
			);
		};
/* End PBXProject section */

/* Begin PBXResourcesBuildPhase section */
		C8BB2A6D1BE1351900D8B036 /* Resources */ = {
			isa = PBXResourcesBuildPhase;
			buildActionMask = 2147483647;
			files = (
				C8BB2A7D1BE1351900D8B036 /* LaunchScreen.storyboard in Resources */,
				C8BB2A7A1BE1351900D8B036 /* Assets.xcassets in Resources */,
				C8BB2A781BE1351900D8B036 /* Main.storyboard in Resources */,
			);
			runOnlyForDeploymentPostprocessing = 0;
		};
/* End PBXResourcesBuildPhase section */

/* Begin PBXSourcesBuildPhase section */
		C8BB2A6B1BE1351900D8B036 /* Sources */ = {
			isa = PBXSourcesBuildPhase;
			buildActionMask = 2147483647;
			files = (
				C8BB2A751BE1351900D8B036 /* ViewController.swift in Sources */,
				C8BB2A731BE1351900D8B036 /* AppDelegate.swift in Sources */,
			);
			runOnlyForDeploymentPostprocessing = 0;
		};
/* End PBXSourcesBuildPhase section */

/* Begin PBXVariantGroup section */
		C8BB2A761BE1351900D8B036 /* Main.storyboard */ = {
			isa = PBXVariantGroup;
			children = (
				C8BB2A771BE1351900D8B036 /* Base */,
			);
			name = Main.storyboard;
			sourceTree = "<group>";
		};
		C8BB2A7B1BE1351900D8B036 /* LaunchScreen.storyboard */ = {
			isa = PBXVariantGroup;
			children = (
				C8BB2A7C1BE1351900D8B036 /* Base */,
			);
			name = LaunchScreen.storyboard;
			sourceTree = "<group>";
		};
/* End PBXVariantGroup section */

/* Begin XCBuildConfiguration section */
		C8BB2A7F1BE1351900D8B036 /* Debug */ = {
			isa = XCBuildConfiguration;
			buildSettings = {
				ALWAYS_SEARCH_USER_PATHS = NO;
				CLANG_CXX_LANGUAGE_STANDARD = "gnu++0x";
				CLANG_CXX_LIBRARY = "libc++";
				CLANG_ENABLE_MODULES = YES;
				CLANG_ENABLE_OBJC_ARC = YES;
				CLANG_WARN_BOOL_CONVERSION = YES;
				CLANG_WARN_CONSTANT_CONVERSION = YES;
				CLANG_WARN_DIRECT_OBJC_ISA_USAGE = YES_ERROR;
				CLANG_WARN_EMPTY_BODY = YES;
				CLANG_WARN_ENUM_CONVERSION = YES;
				CLANG_WARN_INT_CONVERSION = YES;
				CLANG_WARN_OBJC_ROOT_CLASS = YES_ERROR;
				CLANG_WARN_UNREACHABLE_CODE = YES;
				CLANG_WARN__DUPLICATE_METHOD_MATCH = YES;
				"CODE_SIGN_IDENTITY[sdk=iphoneos*]" = "iPhone Developer";
				COPY_PHASE_STRIP = NO;
				DEBUG_INFORMATION_FORMAT = dwarf;
				ENABLE_STRICT_OBJC_MSGSEND = YES;
				ENABLE_TESTABILITY = YES;
				GCC_C_LANGUAGE_STANDARD = gnu99;
				GCC_DYNAMIC_NO_PIC = NO;
				GCC_NO_COMMON_BLOCKS = YES;
				GCC_OPTIMIZATION_LEVEL = 0;
				GCC_PREPROCESSOR_DEFINITIONS = (
					"DEBUG=1",
					"$(inherited)",
				);
				GCC_WARN_64_TO_32_BIT_CONVERSION = YES;
				GCC_WARN_ABOUT_RETURN_TYPE = YES_ERROR;
				GCC_WARN_UNDECLARED_SELECTOR = YES;
				GCC_WARN_UNINITIALIZED_AUTOS = YES_AGGRESSIVE;
				GCC_WARN_UNUSED_FUNCTION = YES;
				GCC_WARN_UNUSED_VARIABLE = YES;
				IPHONEOS_DEPLOYMENT_TARGET = 9.1;
				MTL_ENABLE_DEBUG_INFO = YES;
				ONLY_ACTIVE_ARCH = YES;
				SDKROOT = iphoneos;
				SWIFT_OPTIMIZATION_LEVEL = "-Onone";
				TARGETED_DEVICE_FAMILY = "1,2";
			};
			name = Debug;
		};
		C8BB2A801BE1351900D8B036 /* Release */ = {
			isa = XCBuildConfiguration;
			buildSettings = {
				ALWAYS_SEARCH_USER_PATHS = NO;
				CLANG_CXX_LANGUAGE_STANDARD = "gnu++0x";
				CLANG_CXX_LIBRARY = "libc++";
				CLANG_ENABLE_MODULES = YES;
				CLANG_ENABLE_OBJC_ARC = YES;
				CLANG_WARN_BOOL_CONVERSION = YES;
				CLANG_WARN_CONSTANT_CONVERSION = YES;
				CLANG_WARN_DIRECT_OBJC_ISA_USAGE = YES_ERROR;
				CLANG_WARN_EMPTY_BODY = YES;
				CLANG_WARN_ENUM_CONVERSION = YES;
				CLANG_WARN_INT_CONVERSION = YES;
				CLANG_WARN_OBJC_ROOT_CLASS = YES_ERROR;
				CLANG_WARN_UNREACHABLE_CODE = YES;
				CLANG_WARN__DUPLICATE_METHOD_MATCH = YES;
				"CODE_SIGN_IDENTITY[sdk=iphoneos*]" = "iPhone Developer";
				COPY_PHASE_STRIP = NO;
				DEBUG_INFORMATION_FORMAT = "dwarf-with-dsym";
				ENABLE_NS_ASSERTIONS = NO;
				ENABLE_STRICT_OBJC_MSGSEND = YES;
				GCC_C_LANGUAGE_STANDARD = gnu99;
				GCC_NO_COMMON_BLOCKS = YES;
				GCC_WARN_64_TO_32_BIT_CONVERSION = YES;
				GCC_WARN_ABOUT_RETURN_TYPE = YES_ERROR;
				GCC_WARN_UNDECLARED_SELECTOR = YES;
				GCC_WARN_UNINITIALIZED_AUTOS = YES_AGGRESSIVE;
				GCC_WARN_UNUSED_FUNCTION = YES;
				GCC_WARN_UNUSED_VARIABLE = YES;
				IPHONEOS_DEPLOYMENT_TARGET = 9.1;
				MTL_ENABLE_DEBUG_INFO = NO;
				SDKROOT = iphoneos;
				TARGETED_DEVICE_FAMILY = "1,2";
				VALIDATE_PRODUCT = YES;
			};
			name = Release;
		};
		C8BB2A821BE1351900D8B036 /* Debug */ = {
			isa = XCBuildConfiguration;
			buildSettings = {
				ASSETCATALOG_COMPILER_APPICON_NAME = AppIcon;
				CODE_SIGN_IDENTITY = "iPhone Developer";
				INFOPLIST_FILE = BuildAnInfiniteCarousel/Info.plist;
				LD_RUNPATH_SEARCH_PATHS = "$(inherited) @executable_path/Frameworks";
				PRODUCT_BUNDLE_IDENTIFIER = com.lvwenhan.BuildAnInfiniteCarousel;
				PRODUCT_NAME = "$(TARGET_NAME)";
			};
			name = Debug;
		};
		C8BB2A831BE1351900D8B036 /* Release */ = {
			isa = XCBuildConfiguration;
			buildSettings = {
				ASSETCATALOG_COMPILER_APPICON_NAME = AppIcon;
				CODE_SIGN_IDENTITY = "iPhone Developer";
				INFOPLIST_FILE = BuildAnInfiniteCarousel/Info.plist;
				LD_RUNPATH_SEARCH_PATHS = "$(inherited) @executable_path/Frameworks";
				PRODUCT_BUNDLE_IDENTIFIER = com.lvwenhan.BuildAnInfiniteCarousel;
				PRODUCT_NAME = "$(TARGET_NAME)";
			};
			name = Release;
		};
/* End XCBuildConfiguration section */

/* Begin XCConfigurationList section */
		C8BB2A6A1BE1351900D8B036 /* Build configuration list for PBXProject "BuildAnInfiniteCarousel" */ = {
			isa = XCConfigurationList;
			buildConfigurations = (
				C8BB2A7F1BE1351900D8B036 /* Debug */,
				C8BB2A801BE1351900D8B036 /* Release */,
			);
			defaultConfigurationIsVisible = 0;
			defaultConfigurationName = Release;
		};
		C8BB2A811BE1351900D8B036 /* Build configuration list for PBXNativeTarget "BuildAnInfiniteCarousel" */ = {
			isa = XCConfigurationList;
			buildConfigurations = (
				C8BB2A821BE1351900D8B036 /* Debug */,
				C8BB2A831BE1351900D8B036 /* Release */,
			);
			defaultConfigurationIsVisible = 0;
		};
/* End XCConfigurationList section */
	};
	rootObject = C8BB2A671BE1351900D8B036 /* Project object */;
}
